
Microsoft Visual Studio Solution File, Format Version 12.00
# Visual Studio Version 16
VisualStudioVersion = 16.0.31702.278
MinimumVisualStudioVersion = 10.0.40219.1
Project("{FAE04EC0-301F-11D3-BF4B-00C04F79EFBC}") = "M1ConfigGenerator", "M1ConfigGenerator\M1ConfigGenerator.csproj", "{89F97763-8EA4-4D6C-8B57-1E237E6308F1}"
EndProject
Global
	GlobalSection(SolutionConfigurationPlatforms) = preSolution
		Debug|Any CPU = Debug|Any CPU
		Release|Any CPU = Release|Any CPU
	EndGlobalSection
	GlobalSection(ProjectConfigurationPlatforms) = postSolution
		{89F97763-8EA4-4D6C-8B57-1E237E6308F1}.Debug|Any CPU.ActiveCfg = Debug|Any CPU
		{89F97763-8EA4-4D6C-8B57-1E237E6308F1}.Debug|Any CPU.Build.0 = Debug|Any CPU
		{89F97763-8EA4-4D6C-8B57-1E237E6308F1}.Release|Any CPU.ActiveCfg = Release|Any CPU
		{89F97763-8EA4-4D6C-8B57-1E237E6308F1}.Release|Any CPU.Build.0 = Release|Any CPU
	EndGlobalSection
	GlobalSection(SolutionProperties) = preSolution
		HideSolutionNode = FALSE
	EndGlobalSection
	GlobalSection(ExtensibilityGlobals) = postSolution
		SolutionGuid = {10B37937-B480-4034-88B0-253F96726378}
	EndGlobalSection
EndGlobal
